
Microsoft Visual Studio Solution File, Format Version 11.00
# Visual Studio 2010
Project("{FAE04EC0-301F-11D3-BF4B-00C04F79EFBC}") = "attractor", "Assembly-CSharp.csproj", "{B120CCD2-0E19-BCC5-ADE1-EFBA5E879E23}"
EndProject
Project("{FAE04EC0-301F-11D3-BF4B-00C04F79EFBC}") = "attractor", "Assembly-CSharp-Editor.csproj", "{05BE6D05-698B-700D-8539-CF43EB6F2F01}"
EndProject
Global
	GlobalSection(SolutionConfigurationPlatforms) = preSolution
		Debug|Any CPU = Debug|Any CPU
		Release|Any CPU = Release|Any CPU
	EndGlobalSection
	GlobalSection(ProjectConfigurationPlatforms) = postSolution
		{B120CCD2-0E19-BCC5-ADE1-EFBA5E879E23}.Debug|Any CPU.ActiveCfg = Debug|Any CPU
		{B120CCD2-0E19-BCC5-ADE1-EFBA5E879E23}.Debug|Any CPU.Build.0 = Debug|Any CPU
		{B120CCD2-0E19-BCC5-ADE1-EFBA5E879E23}.Release|Any CPU.ActiveCfg = Release|Any CPU
		{B120CCD2-0E19-BCC5-ADE1-EFBA5E879E23}.Release|Any CPU.Build.0 = Release|Any CPU
		{05BE6D05-698B-700D-8539-CF43EB6F2F01}.Debug|Any CPU.ActiveCfg = Debug|Any CPU
		{05BE6D05-698B-700D-8539-CF43EB6F2F01}.Debug|Any CPU.Build.0 = Debug|Any CPU
		{05BE6D05-698B-700D-8539-CF43EB6F2F01}.Release|Any CPU.ActiveCfg = Release|Any CPU
		{05BE6D05-698B-700D-8539-CF43EB6F2F01}.Release|Any CPU.Build.0 = Release|Any CPU
	EndGlobalSection
	GlobalSection(SolutionProperties) = preSolution
		HideSolutionNode = FALSE
	EndGlobalSection
	GlobalSection(MonoDevelopProperties) = preSolution
		StartupItem = Assembly-CSharp.csproj
	EndGlobalSection
EndGlobal
